
Microsoft Visual Studio Solution File, Format Version 12.00
# Visual Studio Version 16
VisualStudioVersion = 16.0.30804.86
MinimumVisualStudioVersion = 10.0.40219.1
Project("{FAE04EC0-301F-11D3-BF4B-00C04F79EFBC}") = "MEWC.API", "MEWC.API\MEWC.API.csproj", "{5B148F94-024E-4F99-96D2-4E1C9739BE56}"
EndProject
Global
	GlobalSection(SolutionConfigurationPlatforms) = preSolution
		Debug|Any CPU = Debug|Any CPU
		Release|Any CPU = Release|Any CPU
	EndGlobalSection
	GlobalSection(ProjectConfigurationPlatforms) = postSolution
		{5B148F94-024E-4F99-96D2-4E1C9739BE56}.Debug|Any CPU.ActiveCfg = Debug|Any CPU
		{5B148F94-024E-4F99-96D2-4E1C9739BE56}.Debug|Any CPU.Build.0 = Debug|Any CPU
		{5B148F94-024E-4F99-96D2-4E1C9739BE56}.Release|Any CPU.ActiveCfg = Release|Any CPU
		{5B148F94-024E-4F99-96D2-4E1C9739BE56}.Release|Any CPU.Build.0 = Release|Any CPU
	EndGlobalSection
	GlobalSection(SolutionProperties) = preSolution
		HideSolutionNode = FALSE
	EndGlobalSection
	GlobalSection(ExtensibilityGlobals) = postSolution
		SolutionGuid = {50F40821-109D-410E-8C44-B21F1E7F37C2}
	EndGlobalSection
EndGlobal
